// !$*UTF8*$!
{
	archiveVersion = 1;
	classes = {
	};
	objectVersion = 51;
	objects = {

/* Begin PBXBuildFile section */
		58A69573794EE9915FCC9E9C /* Pods_ParstagramTests.framework in Frameworks */ = {isa = PBXBuildFile; fileRef = DA64F29013B18B9D2EA66BAC /* Pods_ParstagramTests.framework */; };
		6234DC33B3A03A821814F49C /* Pods_Parstagram_ParstagramUITests.framework in Frameworks */ = {isa = PBXBuildFile; fileRef = 70A981A3B25CC0F891617AAF /* Pods_Parstagram_ParstagramUITests.framework */; };
		AB4D2B5CFEBBE54C277ABF61 /* Pods_Parstagram.framework in Frameworks */ = {isa = PBXBuildFile; fileRef = 19A79BF38C1114012E3D3E71 /* Pods_Parstagram.framework */; };
		BA1F92DD25F351D700A008E5 /* AppDelegate.swift in Sources */ = {isa = PBXBuildFile; fileRef = BA1F92DC25F351D700A008E5 /* AppDelegate.swift */; };
		BA1F92DF25F351D700A008E5 /* SceneDelegate.swift in Sources */ = {isa = PBXBuildFile; fileRef = BA1F92DE25F351D700A008E5 /* SceneDelegate.swift */; };
		BA1F92E425F351D700A008E5 /* Main.storyboard in Resources */ = {isa = PBXBuildFile; fileRef = BA1F92E225F351D700A008E5 /* Main.storyboard */; };
		BA1F92E625F351D800A008E5 /* Assets.xcassets in Resources */ = {isa = PBXBuildFile; fileRef = BA1F92E525F351D800A008E5 /* Assets.xcassets */; };
		BA1F92E925F351D800A008E5 /* LaunchScreen.storyboard in Resources */ = {isa = PBXBuildFile; fileRef = BA1F92E725F351D800A008E5 /* LaunchScreen.storyboard */; };
		BA1F92F425F351D800A008E5 /* ParstagramTests.swift in Sources */ = {isa = PBXBuildFile; fileRef = BA1F92F325F351D800A008E5 /* ParstagramTests.swift */; };
		BA1F92FF25F351D800A008E5 /* ParstagramUITests.swift in Sources */ = {isa = PBXBuildFile; fileRef = BA1F92FE25F351D800A008E5 /* ParstagramUITests.swift */; };
		BA1F932125F3685100A008E5 /* LoginViewController.swift in Sources */ = {isa = PBXBuildFile; fileRef = BA1F932025F3685100A008E5 /* LoginViewController.swift */; };
		BA1F932625F368AE00A008E5 /* FeedViewController.swift in Sources */ = {isa = PBXBuildFile; fileRef = BA1F932525F368AE00A008E5 /* FeedViewController.swift */; };
		BAB59E5225F49D4F00D96A79 /* CameraViewController.swift in Sources */ = {isa = PBXBuildFile; fileRef = BAB59E5125F49D4F00D96A79 /* CameraViewController.swift */; };
		BAB59E5725F4BDD700D96A79 /* PostCell.swift in Sources */ = {isa = PBXBuildFile; fileRef = BAB59E5625F4BDD700D96A79 /* PostCell.swift */; };
		BABF35E025FC6F7700861370 /* CommentCell.swift in Sources */ = {isa = PBXBuildFile; fileRef = BABF35DF25FC6F7700861370 /* CommentCell.swift */; };
/* End PBXBuildFile section */

/* Begin PBXContainerItemProxy section */
		BA1F92F025F351D800A008E5 /* PBXContainerItemProxy */ = {
			isa = PBXContainerItemProxy;
			containerPortal = BA1F92D125F351D700A008E5 /* Project object */;
			proxyType = 1;
			remoteGlobalIDString = BA1F92D825F351D700A008E5;
			remoteInfo = Parstagram;
		};
		BA1F92FB25F351D800A008E5 /* PBXContainerItemProxy */ = {
			isa = PBXContainerItemProxy;
			containerPortal = BA1F92D125F351D700A008E5 /* Project object */;
			proxyType = 1;
			remoteGlobalIDString = BA1F92D825F351D700A008E5;
			remoteInfo = Parstagram;
		};
/* End PBXContainerItemProxy section */

/* Begin PBXFileReference section */
		19A79BF38C1114012E3D3E71 /* Pods_Parstagram.framework */ = {isa = PBXFileReference; explicitFileType = wrapper.framework; includeInIndex = 0; path = Pods_Parstagram.framework; sourceTree = BUILT_PRODUCTS_DIR; };
		1B734B2730512571004D10CE /* Pods-Parstagram.debug.xcconfig */ = {isa = PBXFileReference; includeInIndex = 1; lastKnownFileType = text.xcconfig; name = "Pods-Parstagram.debug.xcconfig"; path = "Target Support Files/Pods-Parstagram/Pods-Parstagram.debug.xcconfig"; sourceTree = "<group>"; };
		37549CB80AAAED225D0E839F /* Pods-ParstagramTests.release.xcconfig */ = {isa = PBXFileReference; includeInIndex = 1; lastKnownFileType = text.xcconfig; name = "Pods-ParstagramTests.release.xcconfig"; path = "Target Support Files/Pods-ParstagramTests/Pods-ParstagramTests.release.xcconfig"; sourceTree = "<group>"; };
		70A981A3B25CC0F891617AAF /* Pods_Parstagram_ParstagramUITests.framework */ = {isa = PBXFileReference; explicitFileType = wrapper.framework; includeInIndex = 0; path = Pods_Parstagram_ParstagramUITests.framework; sourceTree = BUILT_PRODUCTS_DIR; };
		83FE25DE062660EA194B7AE5 /* Pods-Parstagram-ParstagramUITests.debug.xcconfig */ = {isa = PBXFileReference; includeInIndex = 1; lastKnownFileType = text.xcconfig; name = "Pods-Parstagram-ParstagramUITests.debug.xcconfig"; path = "Target Support Files/Pods-Parstagram-ParstagramUITests/Pods-Parstagram-ParstagramUITests.debug.xcconfig"; sourceTree = "<group>"; };
		946EFC318CA9E67778ED7A3E /* Pods-ParstagramTests.debug.xcconfig */ = {isa = PBXFileReference; includeInIndex = 1; lastKnownFileType = text.xcconfig; name = "Pods-ParstagramTests.debug.xcconfig"; path = "Target Support Files/Pods-ParstagramTests/Pods-ParstagramTests.debug.xcconfig"; sourceTree = "<group>"; };
		AE4B6DFF17E032D10D23174C /* Pods-Parstagram-ParstagramUITests.release.xcconfig */ = {isa = PBXFileReference; includeInIndex = 1; lastKnownFileType = text.xcconfig; name = "Pods-Parstagram-ParstagramUITests.release.xcconfig"; path = "Target Support Files/Pods-Parstagram-ParstagramUITests/Pods-Parstagram-ParstagramUITests.release.xcconfig"; sourceTree = "<group>"; };
		BA1F92D925F351D700A008E5 /* Parstagram.app */ = {isa = PBXFileReference; explicitFileType = wrapper.application; includeInIndex = 0; path = Parstagram.app; sourceTree = BUILT_PRODUCTS_DIR; };
		BA1F92DC25F351D700A008E5 /* AppDelegate.swift */ = {isa = PBXFileReference; lastKnownFileType = sourcecode.swift; path = AppDelegate.swift; sourceTree = "<group>"; };
		BA1F92DE25F351D700A008E5 /* SceneDelegate.swift */ = {isa = PBXFileReference; lastKnownFileType = sourcecode.swift; path = SceneDelegate.swift; sourceTree = "<group>"; };
		BA1F92E325F351D700A008E5 /* Base */ = {isa = PBXFileReference; lastKnownFileType = file.storyboard; name = Base; path = Base.lproj/Main.storyboard; sourceTree = "<group>"; };
		BA1F92E525F351D800A008E5 /* Assets.xcassets */ = {isa = PBXFileReference; lastKnownFileType = folder.assetcatalog; path = Assets.xcassets; sourceTree = "<group>"; };
		BA1F92E825F351D800A008E5 /* Base */ = {isa = PBXFileReference; lastKnownFileType = file.storyboard; name = Base; path = Base.lproj/LaunchScreen.storyboard; sourceTree = "<group>"; };
		BA1F92EA25F351D800A008E5 /* Info.plist */ = {isa = PBXFileReference; lastKnownFileType = text.plist.xml; path = Info.plist; sourceTree = "<group>"; };
		BA1F92EF25F351D800A008E5 /* ParstagramTests.xctest */ = {isa = PBXFileReference; explicitFileType = wrapper.cfbundle; includeInIndex = 0; path = ParstagramTests.xctest; sourceTree = BUILT_PRODUCTS_DIR; };
		BA1F92F325F351D800A008E5 /* ParstagramTests.swift */ = {isa = PBXFileReference; lastKnownFileType = sourcecode.swift; path = ParstagramTests.swift; sourceTree = "<group>"; };
		BA1F92F525F351D800A008E5 /* Info.plist */ = {isa = PBXFileReference; lastKnownFileType = text.plist.xml; path = Info.plist; sourceTree = "<group>"; };
		BA1F92FA25F351D800A008E5 /* ParstagramUITests.xctest */ = {isa = PBXFileReference; explicitFileType = wrapper.cfbundle; includeInIndex = 0; path = ParstagramUITests.xctest; sourceTree = BUILT_PRODUCTS_DIR; };
		BA1F92FE25F351D800A008E5 /* ParstagramUITests.swift */ = {isa = PBXFileReference; lastKnownFileType = sourcecode.swift; path = ParstagramUITests.swift; sourceTree = "<group>"; };
		BA1F930025F351D800A008E5 /* Info.plist */ = {isa = PBXFileReference; lastKnownFileType = text.plist.xml; path = Info.plist; sourceTree = "<group>"; };
		BA1F932025F3685100A008E5 /* LoginViewController.swift */ = {isa = PBXFileReference; lastKnownFileType = sourcecode.swift; path = LoginViewController.swift; sourceTree = "<group>"; };
		BA1F932525F368AE00A008E5 /* FeedViewController.swift */ = {isa = PBXFileReference; lastKnownFileType = sourcecode.swift; path = FeedViewController.swift; sourceTree = "<group>"; };
		BAB59E5125F49D4F00D96A79 /* CameraViewController.swift */ = {isa = PBXFileReference; lastKnownFileType = sourcecode.swift; path = CameraViewController.swift; sourceTree = "<group>"; };
		BAB59E5625F4BDD700D96A79 /* PostCell.swift */ = {isa = PBXFileReference; lastKnownFileType = sourcecode.swift; path = PostCell.swift; sourceTree = "<group>"; };
		BABF35DF25FC6F7700861370 /* CommentCell.swift */ = {isa = PBXFileReference; lastKnownFileType = sourcecode.swift; path = CommentCell.swift; sourceTree = "<group>"; };
		C2347F9284BA0A4DC64C3682 /* Pods-Parstagram.release.xcconfig */ = {isa = PBXFileReference; includeInIndex = 1; lastKnownFileType = text.xcconfig; name = "Pods-Parstagram.release.xcconfig"; path = "Target Support Files/Pods-Parstagram/Pods-Parstagram.release.xcconfig"; sourceTree = "<group>"; };
		DA64F29013B18B9D2EA66BAC /* Pods_ParstagramTests.framework */ = {isa = PBXFileReference; explicitFileType = wrapper.framework; includeInIndex = 0; path = Pods_ParstagramTests.framework; sourceTree = BUILT_PRODUCTS_DIR; };
/* End PBXFileReference section */

/* Begin PBXFrameworksBuildPhase section */
		BA1F92D625F351D700A008E5 /* Frameworks */ = {
			isa = PBXFrameworksBuildPhase;
			buildActionMask = 2147483647;
			files = (
				AB4D2B5CFEBBE54C277ABF61 /* Pods_Parstagram.framework in Frameworks */,
			);
			runOnlyForDeploymentPostprocessing = 0;
		};
		BA1F92EC25F351D800A008E5 /* Frameworks */ = {
			isa = PBXFrameworksBuildPhase;
			buildActionMask = 2147483647;
			files = (
				58A69573794EE9915FCC9E9C /* Pods_ParstagramTests.framework in Frameworks */,
			);
			runOnlyForDeploymentPostprocessing = 0;
		};
		BA1F92F725F351D800A008E5 /* Frameworks */ = {
			isa = PBXFrameworksBuildPhase;
			buildActionMask = 2147483647;
			files = (
				6234DC33B3A03A821814F49C /* Pods_Parstagram_ParstagramUITests.framework in Frameworks */,
			);
			runOnlyForDeploymentPostprocessing = 0;
		};
/* End PBXFrameworksBuildPhase section */

/* Begin PBXGroup section */
		BA1F92D025F351D700A008E5 = {
			isa = PBXGroup;
			children = (
				BA1F92DB25F351D700A008E5 /* Parstagram */,
				BA1F92F225F351D800A008E5 /* ParstagramTests */,
				BA1F92FD25F351D800A008E5 /* ParstagramUITests */,
				BA1F92DA25F351D700A008E5 /* Products */,
				BCA2184514DEA5A2DA6F00CB /* Pods */,
				C9035F0FC5B4B9B1F2621A81 /* Frameworks */,
			);
			sourceTree = "<group>";
		};
		BA1F92DA25F351D700A008E5 /* Products */ = {
			isa = PBXGroup;
			children = (
				BA1F92D925F351D700A008E5 /* Parstagram.app */,
				BA1F92EF25F351D800A008E5 /* ParstagramTests.xctest */,
				BA1F92FA25F351D800A008E5 /* ParstagramUITests.xctest */,
			);
			name = Products;
			sourceTree = "<group>";
		};
		BA1F92DB25F351D700A008E5 /* Parstagram */ = {
			isa = PBXGroup;
			children = (
				BA1F92DC25F351D700A008E5 /* AppDelegate.swift */,
				BA1F92DE25F351D700A008E5 /* SceneDelegate.swift */,
				BA1F92E225F351D700A008E5 /* Main.storyboard */,
				BA1F92E525F351D800A008E5 /* Assets.xcassets */,
				BA1F92E725F351D800A008E5 /* LaunchScreen.storyboard */,
				BA1F92EA25F351D800A008E5 /* Info.plist */,
				BA1F932025F3685100A008E5 /* LoginViewController.swift */,
				BA1F932525F368AE00A008E5 /* FeedViewController.swift */,
				BAB59E5125F49D4F00D96A79 /* CameraViewController.swift */,
				BAB59E5625F4BDD700D96A79 /* PostCell.swift */,
				BABF35DF25FC6F7700861370 /* CommentCell.swift */,
			);
			path = Parstagram;
			sourceTree = "<group>";
		};
		BA1F92F225F351D800A008E5 /* ParstagramTests */ = {
			isa = PBXGroup;
			children = (
				BA1F92F325F351D800A008E5 /* ParstagramTests.swift */,
				BA1F92F525F351D800A008E5 /* Info.plist */,
			);
			path = ParstagramTests;
			sourceTree = "<group>";
		};
		BA1F92FD25F351D800A008E5 /* ParstagramUITests */ = {
			isa = PBXGroup;
			children = (
				BA1F92FE25F351D800A008E5 /* ParstagramUITests.swift */,
				BA1F930025F351D800A008E5 /* Info.plist */,
			);
			path = ParstagramUITests;
			sourceTree = "<group>";
		};
		BCA2184514DEA5A2DA6F00CB /* Pods */ = {
			isa = PBXGroup;
			children = (
				1B734B2730512571004D10CE /* Pods-Parstagram.debug.xcconfig */,
				C2347F9284BA0A4DC64C3682 /* Pods-Parstagram.release.xcconfig */,
				83FE25DE062660EA194B7AE5 /* Pods-Parstagram-ParstagramUITests.debug.xcconfig */,
				AE4B6DFF17E032D10D23174C /* Pods-Parstagram-ParstagramUITests.release.xcconfig */,
				946EFC318CA9E67778ED7A3E /* Pods-ParstagramTests.debug.xcconfig */,
				37549CB80AAAED225D0E839F /* Pods-ParstagramTests.release.xcconfig */,
			);
			path = Pods;
			sourceTree = "<group>";
		};
		C9035F0FC5B4B9B1F2621A81 /* Frameworks */ = {
			isa = PBXGroup;
			children = (
				19A79BF38C1114012E3D3E71 /* Pods_Parstagram.framework */,
				70A981A3B25CC0F891617AAF /* Pods_Parstagram_ParstagramUITests.framework */,
				DA64F29013B18B9D2EA66BAC /* Pods_ParstagramTests.framework */,
			);
			name = Frameworks;
			sourceTree = "<group>";
		};
/* End PBXGroup section */

/* Begin PBXNativeTarget section */
		BA1F92D825F351D700A008E5 /* Parstagram */ = {
			isa = PBXNativeTarget;
			buildConfigurationList = BA1F930325F351D800A008E5 /* Build configuration list for PBXNativeTarget "Parstagram" */;
			buildPhases = (
				63CB481FAF204160D0919B24 /* [CP] Check Pods Manifest.lock */,
				BA1F92D525F351D700A008E5 /* Sources */,
				BA1F92D625F351D700A008E5 /* Frameworks */,
				BA1F92D725F351D700A008E5 /* Resources */,
				C1FACE71B76A0AF416CD96F5 /* [CP] Embed Pods Frameworks */,
			);
			buildRules = (
			);
			dependencies = (
			);
			name = Parstagram;
			productName = Parstagram;
			productReference = BA1F92D925F351D700A008E5 /* Parstagram.app */;
			productType = "com.apple.product-type.application";
		};
		BA1F92EE25F351D800A008E5 /* ParstagramTests */ = {
			isa = PBXNativeTarget;
			buildConfigurationList = BA1F930625F351D800A008E5 /* Build configuration list for PBXNativeTarget "ParstagramTests" */;
			buildPhases = (
				D7B9A3C13F8A8E6F28A547AD /* [CP] Check Pods Manifest.lock */,
				BA1F92EB25F351D800A008E5 /* Sources */,
				BA1F92EC25F351D800A008E5 /* Frameworks */,
				BA1F92ED25F351D800A008E5 /* Resources */,
			);
			buildRules = (
			);
			dependencies = (
				BA1F92F125F351D800A008E5 /* PBXTargetDependency */,
			);
			name = ParstagramTests;
			productName = ParstagramTests;
			productReference = BA1F92EF25F351D800A008E5 /* ParstagramTests.xctest */;
			productType = "com.apple.product-type.bundle.unit-test";
		};
		BA1F92F925F351D800A008E5 /* ParstagramUITests */ = {
			isa = PBXNativeTarget;
			buildConfigurationList = BA1F930925F351D800A008E5 /* Build configuration list for PBXNativeTarget "ParstagramUITests" */;
			buildPhases = (
				285AC7B935302CFAFF1B2BE8 /* [CP] Check Pods Manifest.lock */,
				BA1F92F625F351D800A008E5 /* Sources */,
				BA1F92F725F351D800A008E5 /* Frameworks */,
				BA1F92F825F351D800A008E5 /* Resources */,
				79235588813EC3014F82E6BC /* [CP] Embed Pods Frameworks */,
			);
			buildRules = (
			);
			dependencies = (
				BA1F92FC25F351D800A008E5 /* PBXTargetDependency */,
			);
			name = ParstagramUITests;
			productName = ParstagramUITests;
			productReference = BA1F92FA25F351D800A008E5 /* ParstagramUITests.xctest */;
			productType = "com.apple.product-type.bundle.ui-testing";
		};
/* End PBXNativeTarget section */

/* Begin PBXProject section */
		BA1F92D125F351D700A008E5 /* Project object */ = {
			isa = PBXProject;
			attributes = {
				LastSwiftUpdateCheck = 1240;
				LastUpgradeCheck = 1240;
				TargetAttributes = {
					BA1F92D825F351D700A008E5 = {
						CreatedOnToolsVersion = 12.4;
					};
					BA1F92EE25F351D800A008E5 = {
						CreatedOnToolsVersion = 12.4;
						TestTargetID = BA1F92D825F351D700A008E5;
					};
					BA1F92F925F351D800A008E5 = {
						CreatedOnToolsVersion = 12.4;
						TestTargetID = BA1F92D825F351D700A008E5;
					};
				};
			};
			buildConfigurationList = BA1F92D425F351D700A008E5 /* Build configuration list for PBXProject "Parstagram" */;
			compatibilityVersion = "Xcode 9.3";
			developmentRegion = en;
			hasScannedForEncodings = 0;
			knownRegions = (
				en,
				Base,
			);
			mainGroup = BA1F92D025F351D700A008E5;
			productRefGroup = BA1F92DA25F351D700A008E5 /* Products */;
			projectDirPath = "";
			projectRoot = "";
			targets = (
				BA1F92D825F351D700A008E5 /* Parstagram */,
				BA1F92EE25F351D800A008E5 /* ParstagramTests */,
				BA1F92F925F351D800A008E5 /* ParstagramUITests */,
			);
		};
/* End PBXProject section */

/* Begin PBXResourcesBuildPhase section */
		BA1F92D725F351D700A008E5 /* Resources */ = {
			isa = PBXResourcesBuildPhase;
			buildActionMask = 2147483647;
			files = (
				BA1F92E925F351D800A008E5 /* LaunchScreen.storyboard in Resources */,
				BA1F92E625F351D800A008E5 /* Assets.xcassets in Resources */,
				BA1F92E425F351D700A008E5 /* Main.storyboard in Resources */,
			);
			runOnlyForDeploymentPostprocessing = 0;
		};
		BA1F92ED25F351D800A008E5 /* Resources */ = {
			isa = PBXResourcesBuildPhase;
			buildActionMask = 2147483647;
			files = (
			);
			runOnlyForDeploymentPostprocessing = 0;
		};
		BA1F92F825F351D800A008E5 /* Resources */ = {
			isa = PBXResourcesBuildPhase;
			buildActionMask = 2147483647;
			files = (
			);
			runOnlyForDeploymentPostprocessing = 0;
		};
/* End PBXResourcesBuildPhase section */

/* Begin PBXShellScriptBuildPhase section */
		285AC7B935302CFAFF1B2BE8 /* [CP] Check Pods Manifest.lock */ = {
			isa = PBXShellScriptBuildPhase;
			buildActionMask = 2147483647;
			files = (
			);
			inputFileListPaths = (
			);
			inputPaths = (
				"${PODS_PODFILE_DIR_PATH}/Podfile.lock",
				"${PODS_ROOT}/Manifest.lock",
			);
			name = "[CP] Check Pods Manifest.lock";
			outputFileListPaths = (
			);
			outputPaths = (
				"$(DERIVED_FILE_DIR)/Pods-Parstagram-ParstagramUITests-checkManifestLockResult.txt",
			);
			runOnlyForDeploymentPostprocessing = 0;
			shellPath = /bin/sh;
			shellScript = "diff \"${PODS_PODFILE_DIR_PATH}/Podfile.lock\" \"${PODS_ROOT}/Manifest.lock\" > /dev/null\nif [ $? != 0 ] ; then\n    # print error to STDERR\n    echo \"error: The sandbox is not in sync with the Podfile.lock. Run 'pod install' or update your CocoaPods installation.\" >&2\n    exit 1\nfi\n# This output is used by Xcode 'outputs' to avoid re-running this script phase.\necho \"SUCCESS\" > \"${SCRIPT_OUTPUT_FILE_0}\"\n";
			showEnvVarsInLog = 0;
		};
		63CB481FAF204160D0919B24 /* [CP] Check Pods Manifest.lock */ = {
			isa = PBXShellScriptBuildPhase;
			buildActionMask = 2147483647;
			files = (
			);
			inputFileListPaths = (
			);
			inputPaths = (
				"${PODS_PODFILE_DIR_PATH}/Podfile.lock",
				"${PODS_ROOT}/Manifest.lock",
			);
			name = "[CP] Check Pods Manifest.lock";
			outputFileListPaths = (
			);
			outputPaths = (
				"$(DERIVED_FILE_DIR)/Pods-Parstagram-checkManifestLockResult.txt",
			);
			runOnlyForDeploymentPostprocessing = 0;
			shellPath = /bin/sh;
			shellScript = "diff \"${PODS_PODFILE_DIR_PATH}/Podfile.lock\" \"${PODS_ROOT}/Manifest.lock\" > /dev/null\nif [ $? != 0 ] ; then\n    # print error to STDERR\n    echo \"error: The sandbox is not in sync with the Podfile.lock. Run 'pod install' or update your CocoaPods installation.\" >&2\n    exit 1\nfi\n# This output is used by Xcode 'outputs' to avoid re-running this script phase.\necho \"SUCCESS\" > \"${SCRIPT_OUTPUT_FILE_0}\"\n";
			showEnvVarsInLog = 0;
		};
		79235588813EC3014F82E6BC /* [CP] Embed Pods Frameworks */ = {
			isa = PBXShellScriptBuildPhase;
			buildActionMask = 2147483647;
			files = (
			);
			inputFileListPaths = (
				"${PODS_ROOT}/Target Support Files/Pods-Parstagram-ParstagramUITests/Pods-Parstagram-ParstagramUITests-frameworks-${CONFIGURATION}-input-files.xcfilelist",
			);
			name = "[CP] Embed Pods Frameworks";
			outputFileListPaths = (
				"${PODS_ROOT}/Target Support Files/Pods-Parstagram-ParstagramUITests/Pods-Parstagram-ParstagramUITests-frameworks-${CONFIGURATION}-output-files.xcfilelist",
			);
			runOnlyForDeploymentPostprocessing = 0;
			shellPath = /bin/sh;
			shellScript = "\"${PODS_ROOT}/Target Support Files/Pods-Parstagram-ParstagramUITests/Pods-Parstagram-ParstagramUITests-frameworks.sh\"\n";
			showEnvVarsInLog = 0;
		};
		C1FACE71B76A0AF416CD96F5 /* [CP] Embed Pods Frameworks */ = {
			isa = PBXShellScriptBuildPhase;
			buildActionMask = 2147483647;
			files = (
			);
			inputFileListPaths = (
				"${PODS_ROOT}/Target Support Files/Pods-Parstagram/Pods-Parstagram-frameworks-${CONFIGURATION}-input-files.xcfilelist",
			);
			name = "[CP] Embed Pods Frameworks";
			outputFileListPaths = (
				"${PODS_ROOT}/Target Support Files/Pods-Parstagram/Pods-Parstagram-frameworks-${CONFIGURATION}-output-files.xcfilelist",
			);
			runOnlyForDeploymentPostprocessing = 0;
			shellPath = /bin/sh;
			shellScript = "\"${PODS_ROOT}/Target Support Files/Pods-Parstagram/Pods-Parstagram-frameworks.sh\"\n";
			showEnvVarsInLog = 0;
		};
		D7B9A3C13F8A8E6F28A547AD /* [CP] Check Pods Manifest.lock */ = {
			isa = PBXShellScriptBuildPhase;
			buildActionMask = 2147483647;
			files = (
			);
			inputFileListPaths = (
			);
			inputPaths = (
				"${PODS_PODFILE_DIR_PATH}/Podfile.lock",
				"${PODS_ROOT}/Manifest.lock",
			);
			name = "[CP] Check Pods Manifest.lock";
			outputFileListPaths = (
			);
			outputPaths = (
				"$(DERIVED_FILE_DIR)/Pods-ParstagramTests-checkManifestLockResult.txt",
			);
			runOnlyForDeploymentPostprocessing = 0;
			shellPath = /bin/sh;
			shellScript = "diff \"${PODS_PODFILE_DIR_PATH}/Podfile.lock\" \"${PODS_ROOT}/Manifest.lock\" > /dev/null\nif [ $? != 0 ] ; then\n    # print error to STDERR\n    echo \"error: The sandbox is not in sync with the Podfile.lock. Run 'pod install' or update your CocoaPods installation.\" >&2\n    exit 1\nfi\n# This output is used by Xcode 'outputs' to avoid re-running this script phase.\necho \"SUCCESS\" > \"${SCRIPT_OUTPUT_FILE_0}\"\n";
			showEnvVarsInLog = 0;
		};
/* End PBXShellScriptBuildPhase section */

/* Begin PBXSourcesBuildPhase section */
		BA1F92D525F351D700A008E5 /* Sources */ = {
			isa = PBXSourcesBuildPhase;
			buildActionMask = 2147483647;
			files = (
				BA1F932125F3685100A008E5 /* LoginViewController.swift in Sources */,
				BAB59E5225F49D4F00D96A79 /* CameraViewController.swift in Sources */,
				BA1F92DD25F351D700A008E5 /* AppDelegate.swift in Sources */,
				BA1F932625F368AE00A008E5 /* FeedViewController.swift in Sources */,
				BA1F92DF25F351D700A008E5 /* SceneDelegate.swift in Sources */,
				BAB59E5725F4BDD700D96A79 /* PostCell.swift in Sources */,
				BABF35E025FC6F7700861370 /* CommentCell.swift in Sources */,
			);
			runOnlyForDeploymentPostprocessing = 0;
		};
		BA1F92EB25F351D800A008E5 /* Sources */ = {
			isa = PBXSourcesBuildPhase;
			buildActionMask = 2147483647;
			files = (
				BA1F92F425F351D800A008E5 /* ParstagramTests.swift in Sources */,
			);
			runOnlyForDeploymentPostprocessing = 0;
		};
		BA1F92F625F351D800A008E5 /* Sources */ = {
			isa = PBXSourcesBuildPhase;
			buildActionMask = 2147483647;
			files = (
				BA1F92FF25F351D800A008E5 /* ParstagramUITests.swift in Sources */,
			);
			runOnlyForDeploymentPostprocessing = 0;
		};
/* End PBXSourcesBuildPhase section */

/* Begin PBXTargetDependency section */
		BA1F92F125F351D800A008E5 /* PBXTargetDependency */ = {
			isa = PBXTargetDependency;
			target = BA1F92D825F351D700A008E5 /* Parstagram */;
			targetProxy = BA1F92F025F351D800A008E5 /* PBXContainerItemProxy */;
		};
		BA1F92FC25F351D800A008E5 /* PBXTargetDependency */ = {
			isa = PBXTargetDependency;
			target = BA1F92D825F351D700A008E5 /* Parstagram */;
			targetProxy = BA1F92FB25F351D800A008E5 /* PBXContainerItemProxy */;
		};
/* End PBXTargetDependency section */

/* Begin PBXVariantGroup section */
		BA1F92E225F351D700A008E5 /* Main.storyboard */ = {
			isa = PBXVariantGroup;
			children = (
				BA1F92E325F351D700A008E5 /* Base */,
			);
			name = Main.storyboard;
			sourceTree = "<group>";
		};
		BA1F92E725F351D800A008E5 /* LaunchScreen.storyboard */ = {
			isa = PBXVariantGroup;
			children = (
				BA1F92E825F351D800A008E5 /* Base */,
			);
			name = LaunchScreen.storyboard;
			sourceTree = "<group>";
		};
/* End PBXVariantGroup section */

/* Begin XCBuildConfiguration section */
		BA1F930125F351D800A008E5 /* Debug */ = {
			isa = XCBuildConfiguration;
			buildSettings = {
				ALWAYS_SEARCH_USER_PATHS = NO;
				CLANG_ANALYZER_NONNULL = YES;
				CLANG_ANALYZER_NUMBER_OBJECT_CONVERSION = YES_AGGRESSIVE;
				CLANG_CXX_LANGUAGE_STANDARD = "gnu++14";
				CLANG_CXX_LIBRARY = "libc++";
				CLANG_ENABLE_MODULES = YES;
				CLANG_ENABLE_OBJC_ARC = YES;
				CLANG_ENABLE_OBJC_WEAK = YES;
				CLANG_WARN_BLOCK_CAPTURE_AUTORELEASING = YES;
				CLANG_WARN_BOOL_CONVERSION = YES;
				CLANG_WARN_COMMA = YES;
				CLANG_WARN_CONSTANT_CONVERSION = YES;
				CLANG_WARN_DEPRECATED_OBJC_IMPLEMENTATIONS = YES;
				CLANG_WARN_DIRECT_OBJC_ISA_USAGE = YES_ERROR;
				CLANG_WARN_DOCUMENTATION_COMMENTS = YES;
				CLANG_WARN_EMPTY_BODY = YES;
				CLANG_WARN_ENUM_CONVERSION = YES;
				CLANG_WARN_INFINITE_RECURSION = YES;
				CLANG_WARN_INT_CONVERSION = YES;
				CLANG_WARN_NON_LITERAL_NULL_CONVERSION = YES;
				CLANG_WARN_OBJC_IMPLICIT_RETAIN_SELF = YES;
				CLANG_WARN_OBJC_LITERAL_CONVERSION = YES;
				CLANG_WARN_OBJC_ROOT_CLASS = YES_ERROR;
				CLANG_WARN_QUOTED_INCLUDE_IN_FRAMEWORK_HEADER = YES;
				CLANG_WARN_RANGE_LOOP_ANALYSIS = YES;
				CLANG_WARN_STRICT_PROTOTYPES = YES;
				CLANG_WARN_SUSPICIOUS_MOVE = YES;
				CLANG_WARN_UNGUARDED_AVAILABILITY = YES_AGGRESSIVE;
				CLANG_WARN_UNREACHABLE_CODE = YES;
				CLANG_WARN__DUPLICATE_METHOD_MATCH = YES;
				COPY_PHASE_STRIP = NO;
				DEBUG_INFORMATION_FORMAT = dwarf;
				ENABLE_STRICT_OBJC_MSGSEND = YES;
				ENABLE_TESTABILITY = YES;
				GCC_C_LANGUAGE_STANDARD = gnu11;
				GCC_DYNAMIC_NO_PIC = NO;
				GCC_NO_COMMON_BLOCKS = YES;
				GCC_OPTIMIZATION_LEVEL = 0;
				GCC_PREPROCESSOR_DEFINITIONS = (
					"DEBUG=1",
					"$(inherited)",
				);
				GCC_WARN_64_TO_32_BIT_CONVERSION = YES;
				GCC_WARN_ABOUT_RETURN_TYPE = YES_ERROR;
				GCC_WARN_UNDECLARED_SELECTOR = YES;
				GCC_WARN_UNINITIALIZED_AUTOS = YES_AGGRESSIVE;
				GCC_WARN_UNUSED_FUNCTION = YES;
				GCC_WARN_UNUSED_VARIABLE = YES;
				IPHONEOS_DEPLOYMENT_TARGET = 14.4;
				MTL_ENABLE_DEBUG_INFO = INCLUDE_SOURCE;
				MTL_FAST_MATH = YES;
				ONLY_ACTIVE_ARCH = YES;
				SDKROOT = iphoneos;
				SWIFT_ACTIVE_COMPILATION_CONDITIONS = DEBUG;
				SWIFT_OPTIMIZATION_LEVEL = "-Onone";
			};
			name = Debug;
		};
		BA1F930225F351D800A008E5 /* Release */ = {
			isa = XCBuildConfiguration;
			buildSettings = {
				ALWAYS_SEARCH_USER_PATHS = NO;
				CLANG_ANALYZER_NONNULL = YES;
				CLANG_ANALYZER_NUMBER_OBJECT_CONVERSION = YES_AGGRESSIVE;
				CLANG_CXX_LANGUAGE_STANDARD = "gnu++14";
				CLANG_CXX_LIBRARY = "libc++";
				CLANG_ENABLE_MODULES = YES;
				CLANG_ENABLE_OBJC_ARC = YES;
				CLANG_ENABLE_OBJC_WEAK = YES;
				CLANG_WARN_BLOCK_CAPTURE_AUTORELEASING = YES;
				CLANG_WARN_BOOL_CONVERSION = YES;
				CLANG_WARN_COMMA = YES;
				CLANG_WARN_CONSTANT_CONVERSION = YES;
				CLANG_WARN_DEPRECATED_OBJC_IMPLEMENTATIONS = YES;
				CLANG_WARN_DIRECT_OBJC_ISA_USAGE = YES_ERROR;
				CLANG_WARN_DOCUMENTATION_COMMENTS = YES;
				CLANG_WARN_EMPTY_BODY = YES;
				CLANG_WARN_ENUM_CONVERSION = YES;
				CLANG_WARN_INFINITE_RECURSION = YES;
				CLANG_WARN_INT_CONVERSION = YES;
				CLANG_WARN_NON_LITERAL_NULL_CONVERSION = YES;
				CLANG_WARN_OBJC_IMPLICIT_RETAIN_SELF = YES;
				CLANG_WARN_OBJC_LITERAL_CONVERSION = YES;
				CLANG_WARN_OBJC_ROOT_CLASS = YES_ERROR;
				CLANG_WARN_QUOTED_INCLUDE_IN_FRAMEWORK_HEADER = YES;
				CLANG_WARN_RANGE_LOOP_ANALYSIS = YES;
				CLANG_WARN_STRICT_PROTOTYPES = YES;
				CLANG_WARN_SUSPICIOUS_MOVE = YES;
				CLANG_WARN_UNGUARDED_AVAILABILITY = YES_AGGRESSIVE;
				CLANG_WARN_UNREACHABLE_CODE = YES;
				CLANG_WARN__DUPLICATE_METHOD_MATCH = YES;
				COPY_PHASE_STRIP = NO;
				DEBUG_INFORMATION_FORMAT = "dwarf-with-dsym";
				ENABLE_NS_ASSERTIONS = NO;
				ENABLE_STRICT_OBJC_MSGSEND = YES;
				GCC_C_LANGUAGE_STANDARD = gnu11;
				GCC_NO_COMMON_BLOCKS = YES;
				GCC_WARN_64_TO_32_BIT_CONVERSION = YES;
				GCC_WARN_ABOUT_RETURN_TYPE = YES_ERROR;
				GCC_WARN_UNDECLARED_SELECTOR = YES;
				GCC_WARN_UNINITIALIZED_AUTOS = YES_AGGRESSIVE;
				GCC_WARN_UNUSED_FUNCTION = YES;
				GCC_WARN_UNUSED_VARIABLE = YES;
				IPHONEOS_DEPLOYMENT_TARGET = 14.4;
				MTL_ENABLE_DEBUG_INFO = NO;
				MTL_FAST_MATH = YES;
				SDKROOT = iphoneos;
				SWIFT_COMPILATION_MODE = wholemodule;
				SWIFT_OPTIMIZATION_LEVEL = "-O";
				VALIDATE_PRODUCT = YES;
			};
			name = Release;
		};
		BA1F930425F351D800A008E5 /* Debug */ = {
			isa = XCBuildConfiguration;
			baseConfigurationReference = 1B734B2730512571004D10CE /* Pods-Parstagram.debug.xcconfig */;
			buildSettings = {
				ASSETCATALOG_COMPILER_APPICON_NAME = AppIcon;
				ASSETCATALOG_COMPILER_GLOBAL_ACCENT_COLOR_NAME = AccentColor;
				CODE_SIGN_STYLE = Automatic;
				INFOPLIST_FILE = Parstagram/Info.plist;
				LD_RUNPATH_SEARCH_PATHS = (
					"$(inherited)",
					"@executable_path/Frameworks",
				);
				PRODUCT_BUNDLE_IDENTIFIER = codepath.org.Parstagram;
				PRODUCT_NAME = "$(TARGET_NAME)";
				SWIFT_VERSION = 5.0;
				TARGETED_DEVICE_FAMILY = "1,2";
			};
			name = Debug;
		};
		BA1F930525F351D800A008E5 /* Release */ = {
			isa = XCBuildConfiguration;
			baseConfigurationReference = C2347F9284BA0A4DC64C3682 /* Pods-Parstagram.release.xcconfig */;
			buildSettings = {
				ASSETCATALOG_COMPILER_APPICON_NAME = AppIcon;
				ASSETCATALOG_COMPILER_GLOBAL_ACCENT_COLOR_NAME = AccentColor;
				CODE_SIGN_STYLE = Automatic;
				INFOPLIST_FILE = Parstagram/Info.plist;
				LD_RUNPATH_SEARCH_PATHS = (
					"$(inherited)",
					"@executable_path/Frameworks",
				);
				PRODUCT_BUNDLE_IDENTIFIER = codepath.org.Parstagram;
				PRODUCT_NAME = "$(TARGET_NAME)";
				SWIFT_VERSION = 5.0;
				TARGETED_DEVICE_FAMILY = "1,2";
			};
			name = Release;
		};
		BA1F930725F351D800A008E5 /* Debug */ = {
			isa = XCBuildConfiguration;
			baseConfigurationReference = 946EFC318CA9E67778ED7A3E /* Pods-ParstagramTests.debug.xcconfig */;
			buildSettings = {
				ALWAYS_EMBED_SWIFT_STANDARD_LIBRARIES = YES;
				BUNDLE_LOADER = "$(TEST_HOST)";
				CODE_SIGN_STYLE = Automatic;
				INFOPLIST_FILE = ParstagramTests/Info.plist;
				IPHONEOS_DEPLOYMENT_TARGET = 14.4;
				LD_RUNPATH_SEARCH_PATHS = (
					"$(inherited)",
					"@executable_path/Frameworks",
					"@loader_path/Frameworks",
				);
				PRODUCT_BUNDLE_IDENTIFIER = codepath.org.ParstagramTests;
				PRODUCT_NAME = "$(TARGET_NAME)";
				SWIFT_VERSION = 5.0;
				TARGETED_DEVICE_FAMILY = "1,2";
				TEST_HOST = "$(BUILT_PRODUCTS_DIR)/Parstagram.app/Parstagram";
			};
			name = Debug;
		};
		BA1F930825F351D800A008E5 /* Release */ = {
			isa = XCBuildConfiguration;
			baseConfigurationReference = 37549CB80AAAED225D0E839F /* Pods-ParstagramTests.release.xcconfig */;
			buildSettings = {
				ALWAYS_EMBED_SWIFT_STANDARD_LIBRARIES = YES;
				BUNDLE_LOADER = "$(TEST_HOST)";
				CODE_SIGN_STYLE = Automatic;
				INFOPLIST_FILE = ParstagramTests/Info.plist;
				IPHONEOS_DEPLOYMENT_TARGET = 14.4;
				LD_RUNPATH_SEARCH_PATHS = (
					"$(inherited)",
					"@executable_path/Frameworks",
					"@loader_path/Frameworks",
				);
				PRODUCT_BUNDLE_IDENTIFIER = codepath.org.ParstagramTests;
				PRODUCT_NAME = "$(TARGET_NAME)";
				SWIFT_VERSION = 5.0;
				TARGETED_DEVICE_FAMILY = "1,2";
				TEST_HOST = "$(BUILT_PRODUCTS_DIR)/Parstagram.app/Parstagram";
			};
			name = Release;
		};
		BA1F930A25F351D800A008E5 /* Debug */ = {
			isa = XCBuildConfiguration;
			baseConfigurationReference = 83FE25DE062660EA194B7AE5 /* Pods-Parstagram-ParstagramUITests.debug.xcconfig */;
			buildSettings = {
				ALWAYS_EMBED_SWIFT_STANDARD_LIBRARIES = YES;
				CODE_SIGN_STYLE = Automatic;
				INFOPLIST_FILE = ParstagramUITests/Info.plist;
				LD_RUNPATH_SEARCH_PATHS = (
					"$(inherited)",
					"@executable_path/Frameworks",
					"@loader_path/Frameworks",
				);
				PRODUCT_BUNDLE_IDENTIFIER = codepath.org.ParstagramUITests;
				PRODUCT_NAME = "$(TARGET_NAME)";
				SWIFT_VERSION = 5.0;
				TARGETED_DEVICE_FAMILY = "1,2";
				TEST_TARGET_NAME = Parstagram;
			};
			name = Debug;
		};
		BA1F930B25F351D800A008E5 /* Release */ = {
			isa = XCBuildConfiguration;
			baseConfigurationReference = AE4B6DFF17E032D10D23174C /* Pods-Parstagram-ParstagramUITests.release.xcconfig */;
			buildSettings = {
				ALWAYS_EMBED_SWIFT_STANDARD_LIBRARIES = YES;
				CODE_SIGN_STYLE = Automatic;
				INFOPLIST_FILE = ParstagramUITests/Info.plist;
				LD_RUNPATH_SEARCH_PATHS = (
					"$(inherited)",
					"@executable_path/Frameworks",
					"@loader_path/Frameworks",
				);
				PRODUCT_BUNDLE_IDENTIFIER = codepath.org.ParstagramUITests;
				PRODUCT_NAME = "$(TARGET_NAME)";
				SWIFT_VERSION = 5.0;
				TARGETED_DEVICE_FAMILY = "1,2";
				TEST_TARGET_NAME = Parstagram;
			};
			name = Release;
		};
/* End XCBuildConfiguration section */

/* Begin XCConfigurationList section */
		BA1F92D425F351D700A008E5 /* Build configuration list for PBXProject "Parstagram" */ = {
			isa = XCConfigurationList;
			buildConfigurations = (
				BA1F930125F351D800A008E5 /* Debug */,
				BA1F930225F351D800A008E5 /* Release */,
			);
			defaultConfigurationIsVisible = 0;
			defaultConfigurationName = Release;
		};
		BA1F930325F351D800A008E5 /* Build configuration list for PBXNativeTarget "Parstagram" */ = {
			isa = XCConfigurationList;
			buildConfigurations = (
				BA1F930425F351D800A008E5 /* Debug */,
				BA1F930525F351D800A008E5 /* Release */,
			);
			defaultConfigurationIsVisible = 0;
			defaultConfigurationName = Release;
		};
		BA1F930625F351D800A008E5 /* Build configuration list for PBXNativeTarget "ParstagramTests" */ = {
			isa = XCConfigurationList;
			buildConfigurations = (
				BA1F930725F351D800A008E5 /* Debug */,
				BA1F930825F351D800A008E5 /* Release */,
			);
			defaultConfigurationIsVisible = 0;
			defaultConfigurationName = Release;
		};
		BA1F930925F351D800A008E5 /* Build configuration list for PBXNativeTarget "ParstagramUITests" */ = {
			isa = XCConfigurationList;
			buildConfigurations = (
				BA1F930A25F351D800A008E5 /* Debug */,
				BA1F930B25F351D800A008E5 /* Release */,
			);
			defaultConfigurationIsVisible = 0;
			defaultConfigurationName = Release;
		};
/* End XCConfigurationList section */
	};
	rootObject = BA1F92D125F351D700A008E5 /* Project object */;
}
